
Microsoft Visual Studio Solution File, Format Version 12.00
Project("{FAE04EC0-301F-11D3-BF4B-00C04F79EFBC}") = "Cbc.Web.Api", "Cbc.Web.Api\Cbc.Web.Api.csproj", "{CA7D03FD-2EF0-4B4C-89F6-F3F65E17DBC4}"
EndProject
Global
	GlobalSection(SolutionConfigurationPlatforms) = preSolution
		Debug|Any CPU = Debug|Any CPU
		Release|Any CPU = Release|Any CPU
	EndGlobalSection
	GlobalSection(ProjectConfigurationPlatforms) = postSolution
		{CA7D03FD-2EF0-4B4C-89F6-F3F65E17DBC4}.Debug|Any CPU.ActiveCfg = Debug|Any CPU
		{CA7D03FD-2EF0-4B4C-89F6-F3F65E17DBC4}.Debug|Any CPU.Build.0 = Debug|Any CPU
		{CA7D03FD-2EF0-4B4C-89F6-F3F65E17DBC4}.Release|Any CPU.ActiveCfg = Release|Any CPU
		{CA7D03FD-2EF0-4B4C-89F6-F3F65E17DBC4}.Release|Any CPU.Build.0 = Release|Any CPU
	EndGlobalSection
EndGlobal
